// !$*UTF8*$!
{
	archiveVersion = 1;
	classes = {
	};
	objectVersion = 55;
	objects = {

/* Begin PBXBuildFile section */
		18AC7E43277C930300222026 /* AppDelegate.swift in Sources */ = {isa = PBXBuildFile; fileRef = 18AC7E42277C930300222026 /* AppDelegate.swift */; };
		18AC7E45277C930300222026 /* SceneDelegate.swift in Sources */ = {isa = PBXBuildFile; fileRef = 18AC7E44277C930300222026 /* SceneDelegate.swift */; };
		18AC7E4A277C930300222026 /* Main.storyboard in Resources */ = {isa = PBXBuildFile; fileRef = 18AC7E48277C930300222026 /* Main.storyboard */; };
		18AC7E4C277C930800222026 /* Assets.xcassets in Resources */ = {isa = PBXBuildFile; fileRef = 18AC7E4B277C930800222026 /* Assets.xcassets */; };
		18AC7E4F277C930800222026 /* LaunchScreen.storyboard in Resources */ = {isa = PBXBuildFile; fileRef = 18AC7E4D277C930800222026 /* LaunchScreen.storyboard */; };
		18AC7E57277C995500222026 /* TabBarViewController.swift in Sources */ = {isa = PBXBuildFile; fileRef = 18AC7E56277C995500222026 /* TabBarViewController.swift */; };
		18AC7E59277C9A3D00222026 /* PersonsTableViewController.swift in Sources */ = {isa = PBXBuildFile; fileRef = 18AC7E58277C9A3D00222026 /* PersonsTableViewController.swift */; };
		18AC7E5B277C9A8500222026 /* InfoPersonTableViewController.swift in Sources */ = {isa = PBXBuildFile; fileRef = 18AC7E5A277C9A8500222026 /* InfoPersonTableViewController.swift */; };
		18AC7E5D277C9AD600222026 /* InformationViewController.swift in Sources */ = {isa = PBXBuildFile; fileRef = 18AC7E5C277C9AD600222026 /* InformationViewController.swift */; };
		18AC7E5F277C9CE700222026 /* DataManager.swift in Sources */ = {isa = PBXBuildFile; fileRef = 18AC7E5E277C9CE700222026 /* DataManager.swift */; };
		18AC7E61277C9F2F00222026 /* PersonsInfo.swift in Sources */ = {isa = PBXBuildFile; fileRef = 18AC7E60277C9F2F00222026 /* PersonsInfo.swift */; };
/* End PBXBuildFile section */

/* Begin PBXFileReference section */
		18AC7E3F277C930300222026 /* ContactApp.app */ = {isa = PBXFileReference; explicitFileType = wrapper.application; includeInIndex = 0; path = ContactApp.app; sourceTree = BUILT_PRODUCTS_DIR; };
		18AC7E42277C930300222026 /* AppDelegate.swift */ = {isa = PBXFileReference; lastKnownFileType = sourcecode.swift; path = AppDelegate.swift; sourceTree = "<group>"; };
		18AC7E44277C930300222026 /* SceneDelegate.swift */ = {isa = PBXFileReference; lastKnownFileType = sourcecode.swift; path = SceneDelegate.swift; sourceTree = "<group>"; };
		18AC7E49277C930300222026 /* Base */ = {isa = PBXFileReference; lastKnownFileType = file.storyboard; name = Base; path = Base.lproj/Main.storyboard; sourceTree = "<group>"; };
		18AC7E4B277C930800222026 /* Assets.xcassets */ = {isa = PBXFileReference; lastKnownFileType = folder.assetcatalog; path = Assets.xcassets; sourceTree = "<group>"; };
		18AC7E4E277C930800222026 /* Base */ = {isa = PBXFileReference; lastKnownFileType = file.storyboard; name = Base; path = Base.lproj/LaunchScreen.storyboard; sourceTree = "<group>"; };
		18AC7E50277C930800222026 /* Info.plist */ = {isa = PBXFileReference; lastKnownFileType = text.plist.xml; path = Info.plist; sourceTree = "<group>"; };
		18AC7E56277C995500222026 /* TabBarViewController.swift */ = {isa = PBXFileReference; lastKnownFileType = sourcecode.swift; path = TabBarViewController.swift; sourceTree = "<group>"; };
		18AC7E58277C9A3D00222026 /* PersonsTableViewController.swift */ = {isa = PBXFileReference; lastKnownFileType = sourcecode.swift; path = PersonsTableViewController.swift; sourceTree = "<group>"; };
		18AC7E5A277C9A8500222026 /* InfoPersonTableViewController.swift */ = {isa = PBXFileReference; lastKnownFileType = sourcecode.swift; path = InfoPersonTableViewController.swift; sourceTree = "<group>"; };
		18AC7E5C277C9AD600222026 /* InformationViewController.swift */ = {isa = PBXFileReference; lastKnownFileType = sourcecode.swift; path = InformationViewController.swift; sourceTree = "<group>"; };
		18AC7E5E277C9CE700222026 /* DataManager.swift */ = {isa = PBXFileReference; lastKnownFileType = sourcecode.swift; path = DataManager.swift; sourceTree = "<group>"; };
		18AC7E60277C9F2F00222026 /* PersonsInfo.swift */ = {isa = PBXFileReference; lastKnownFileType = sourcecode.swift; path = PersonsInfo.swift; sourceTree = "<group>"; };
/* End PBXFileReference section */

/* Begin PBXFrameworksBuildPhase section */
		18AC7E3C277C930300222026 /* Frameworks */ = {
			isa = PBXFrameworksBuildPhase;
			buildActionMask = 2147483647;
			files = (
			);
			runOnlyForDeploymentPostprocessing = 0;
		};
/* End PBXFrameworksBuildPhase section */

/* Begin PBXGroup section */
		18AC7E36277C930300222026 = {
			isa = PBXGroup;
			children = (
				18AC7E41277C930300222026 /* ContactApp */,
				18AC7E40277C930300222026 /* Products */,
			);
			sourceTree = "<group>";
		};
		18AC7E40277C930300222026 /* Products */ = {
			isa = PBXGroup;
			children = (
				18AC7E3F277C930300222026 /* ContactApp.app */,
			);
			name = Products;
			sourceTree = "<group>";
		};
		18AC7E41277C930300222026 /* ContactApp */ = {
			isa = PBXGroup;
			children = (
				18AC7E66277CD50A00222026 /* SupportingFiles */,
				18AC7E44277C930300222026 /* SceneDelegate.swift */,
				18AC7E67277CD52A00222026 /* Resources */,
				18AC7E68277CD57200222026 /* Storyboards */,
				18AC7E62277CD48A00222026 /* ViewControllers */,
				18AC7E65277CD4E900222026 /* Services */,
				18AC7E64277CD4D800222026 /* Models */,
			);
			path = ContactApp;
			sourceTree = "<group>";
		};
		18AC7E62277CD48A00222026 /* ViewControllers */ = {
			isa = PBXGroup;
			children = (
				18AC7E5C277C9AD600222026 /* InformationViewController.swift */,
				18AC7E5A277C9A8500222026 /* InfoPersonTableViewController.swift */,
				18AC7E58277C9A3D00222026 /* PersonsTableViewController.swift */,
				18AC7E56277C995500222026 /* TabBarViewController.swift */,
			);
			path = ViewControllers;
			sourceTree = "<group>";
		};
		18AC7E64277CD4D800222026 /* Models */ = {
			isa = PBXGroup;
			children = (
				18AC7E60277C9F2F00222026 /* PersonsInfo.swift */,
			);
			path = Models;
			sourceTree = "<group>";
		};
		18AC7E65277CD4E900222026 /* Services */ = {
			isa = PBXGroup;
			children = (
				18AC7E5E277C9CE700222026 /* DataManager.swift */,
			);
			path = Services;
			sourceTree = "<group>";
		};
		18AC7E66277CD50A00222026 /* SupportingFiles */ = {
			isa = PBXGroup;
			children = (
				18AC7E50277C930800222026 /* Info.plist */,
				18AC7E42277C930300222026 /* AppDelegate.swift */,
			);
			path = SupportingFiles;
			sourceTree = "<group>";
		};
		18AC7E67277CD52A00222026 /* Resources */ = {
			isa = PBXGroup;
			children = (
				18AC7E4B277C930800222026 /* Assets.xcassets */,
			);
			path = Resources;
			sourceTree = "<group>";
		};
		18AC7E68277CD57200222026 /* Storyboards */ = {
			isa = PBXGroup;
			children = (
				18AC7E48277C930300222026 /* Main.storyboard */,
				18AC7E4D277C930800222026 /* LaunchScreen.storyboard */,
			);
			path = Storyboards;
			sourceTree = "<group>";
		};
/* End PBXGroup section */

/* Begin PBXNativeTarget section */
		18AC7E3E277C930300222026 /* ContactApp */ = {
			isa = PBXNativeTarget;
			buildConfigurationList = 18AC7E53277C930800222026 /* Build configuration list for PBXNativeTarget "ContactApp" */;
			buildPhases = (
				18AC7E3B277C930300222026 /* Sources */,
				18AC7E3C277C930300222026 /* Frameworks */,
				18AC7E3D277C930300222026 /* Resources */,
			);
			buildRules = (
			);
			dependencies = (
			);
			name = ContactApp;
			productName = ContactApp;
			productReference = 18AC7E3F277C930300222026 /* ContactApp.app */;
			productType = "com.apple.product-type.application";
		};
/* End PBXNativeTarget section */

/* Begin PBXProject section */
		18AC7E37277C930300222026 /* Project object */ = {
			isa = PBXProject;
			attributes = {
				BuildIndependentTargetsInParallel = 1;
				LastSwiftUpdateCheck = 1310;
				LastUpgradeCheck = 1310;
				TargetAttributes = {
					18AC7E3E277C930300222026 = {
						CreatedOnToolsVersion = 13.1;
					};
				};
			};
			buildConfigurationList = 18AC7E3A277C930300222026 /* Build configuration list for PBXProject "ContactApp" */;
			compatibilityVersion = "Xcode 13.0";
			developmentRegion = en;
			hasScannedForEncodings = 0;
			knownRegions = (
				en,
				Base,
			);
			mainGroup = 18AC7E36277C930300222026;
			productRefGroup = 18AC7E40277C930300222026 /* Products */;
			projectDirPath = "";
			projectRoot = "";
			targets = (
				18AC7E3E277C930300222026 /* ContactApp */,
			);
		};
/* End PBXProject section */

/* Begin PBXResourcesBuildPhase section */
		18AC7E3D277C930300222026 /* Resources */ = {
			isa = PBXResourcesBuildPhase;
			buildActionMask = 2147483647;
			files = (
				18AC7E4F277C930800222026 /* LaunchScreen.storyboard in Resources */,
				18AC7E4C277C930800222026 /* Assets.xcassets in Resources */,
				18AC7E4A277C930300222026 /* Main.storyboard in Resources */,
			);
			runOnlyForDeploymentPostprocessing = 0;
		};
/* End PBXResourcesBuildPhase section */

/* Begin PBXSourcesBuildPhase section */
		18AC7E3B277C930300222026 /* Sources */ = {
			isa = PBXSourcesBuildPhase;
			buildActionMask = 2147483647;
			files = (
				18AC7E61277C9F2F00222026 /* PersonsInfo.swift in Sources */,
				18AC7E57277C995500222026 /* TabBarViewController.swift in Sources */,
				18AC7E5F277C9CE700222026 /* DataManager.swift in Sources */,
				18AC7E5D277C9AD600222026 /* InformationViewController.swift in Sources */,
				18AC7E5B277C9A8500222026 /* InfoPersonTableViewController.swift in Sources */,
				18AC7E43277C930300222026 /* AppDelegate.swift in Sources */,
				18AC7E45277C930300222026 /* SceneDelegate.swift in Sources */,
				18AC7E59277C9A3D00222026 /* PersonsTableViewController.swift in Sources */,
			);
			runOnlyForDeploymentPostprocessing = 0;
		};
/* End PBXSourcesBuildPhase section */

/* Begin PBXVariantGroup section */
		18AC7E48277C930300222026 /* Main.storyboard */ = {
			isa = PBXVariantGroup;
			children = (
				18AC7E49277C930300222026 /* Base */,
			);
			name = Main.storyboard;
			sourceTree = "<group>";
		};
		18AC7E4D277C930800222026 /* LaunchScreen.storyboard */ = {
			isa = PBXVariantGroup;
			children = (
				18AC7E4E277C930800222026 /* Base */,
			);
			name = LaunchScreen.storyboard;
			sourceTree = "<group>";
		};
/* End PBXVariantGroup section */

/* Begin XCBuildConfiguration section */
		18AC7E51277C930800222026 /* Debug */ = {
			isa = XCBuildConfiguration;
			buildSettings = {
				ALWAYS_SEARCH_USER_PATHS = NO;
				CLANG_ANALYZER_NONNULL = YES;
				CLANG_ANALYZER_NUMBER_OBJECT_CONVERSION = YES_AGGRESSIVE;
				CLANG_CXX_LANGUAGE_STANDARD = "gnu++17";
				CLANG_CXX_LIBRARY = "libc++";
				CLANG_ENABLE_MODULES = YES;
				CLANG_ENABLE_OBJC_ARC = YES;
				CLANG_ENABLE_OBJC_WEAK = YES;
				CLANG_WARN_BLOCK_CAPTURE_AUTORELEASING = YES;
				CLANG_WARN_BOOL_CONVERSION = YES;
				CLANG_WARN_COMMA = YES;
				CLANG_WARN_CONSTANT_CONVERSION = YES;
				CLANG_WARN_DEPRECATED_OBJC_IMPLEMENTATIONS = YES;
				CLANG_WARN_DIRECT_OBJC_ISA_USAGE = YES_ERROR;
				CLANG_WARN_DOCUMENTATION_COMMENTS = YES;
				CLANG_WARN_EMPTY_BODY = YES;
				CLANG_WARN_ENUM_CONVERSION = YES;
				CLANG_WARN_INFINITE_RECURSION = YES;
				CLANG_WARN_INT_CONVERSION = YES;
				CLANG_WARN_NON_LITERAL_NULL_CONVERSION = YES;
				CLANG_WARN_OBJC_IMPLICIT_RETAIN_SELF = YES;
				CLANG_WARN_OBJC_LITERAL_CONVERSION = YES;
				CLANG_WARN_OBJC_ROOT_CLASS = YES_ERROR;
				CLANG_WARN_QUOTED_INCLUDE_IN_FRAMEWORK_HEADER = YES;
				CLANG_WARN_RANGE_LOOP_ANALYSIS = YES;
				CLANG_WARN_STRICT_PROTOTYPES = YES;
				CLANG_WARN_SUSPICIOUS_MOVE = YES;
				CLANG_WARN_UNGUARDED_AVAILABILITY = YES_AGGRESSIVE;
				CLANG_WARN_UNREACHABLE_CODE = YES;
				CLANG_WARN__DUPLICATE_METHOD_MATCH = YES;
				COPY_PHASE_STRIP = NO;
				DEBUG_INFORMATION_FORMAT = dwarf;
				ENABLE_STRICT_OBJC_MSGSEND = YES;
				ENABLE_TESTABILITY = YES;
				GCC_C_LANGUAGE_STANDARD = gnu11;
				GCC_DYNAMIC_NO_PIC = NO;
				GCC_NO_COMMON_BLOCKS = YES;
				GCC_OPTIMIZATION_LEVEL = 0;
				GCC_PREPROCESSOR_DEFINITIONS = (
					"DEBUG=1",
					"$(inherited)",
				);
				GCC_WARN_64_TO_32_BIT_CONVERSION = YES;
				GCC_WARN_ABOUT_RETURN_TYPE = YES_ERROR;
				GCC_WARN_UNDECLARED_SELECTOR = YES;
				GCC_WARN_UNINITIALIZED_AUTOS = YES_AGGRESSIVE;
				GCC_WARN_UNUSED_FUNCTION = YES;
				GCC_WARN_UNUSED_VARIABLE = YES;
				IPHONEOS_DEPLOYMENT_TARGET = 15.0;
				MTL_ENABLE_DEBUG_INFO = INCLUDE_SOURCE;
				MTL_FAST_MATH = YES;
				ONLY_ACTIVE_ARCH = YES;
				SDKROOT = iphoneos;
				SWIFT_ACTIVE_COMPILATION_CONDITIONS = DEBUG;
				SWIFT_OPTIMIZATION_LEVEL = "-Onone";
			};
			name = Debug;
		};
		18AC7E52277C930800222026 /* Release */ = {
			isa = XCBuildConfiguration;
			buildSettings = {
				ALWAYS_SEARCH_USER_PATHS = NO;
				CLANG_ANALYZER_NONNULL = YES;
				CLANG_ANALYZER_NUMBER_OBJECT_CONVERSION = YES_AGGRESSIVE;
				CLANG_CXX_LANGUAGE_STANDARD = "gnu++17";
				CLANG_CXX_LIBRARY = "libc++";
				CLANG_ENABLE_MODULES = YES;
				CLANG_ENABLE_OBJC_ARC = YES;
				CLANG_ENABLE_OBJC_WEAK = YES;
				CLANG_WARN_BLOCK_CAPTURE_AUTORELEASING = YES;
				CLANG_WARN_BOOL_CONVERSION = YES;
				CLANG_WARN_COMMA = YES;
				CLANG_WARN_CONSTANT_CONVERSION = YES;
				CLANG_WARN_DEPRECATED_OBJC_IMPLEMENTATIONS = YES;
				CLANG_WARN_DIRECT_OBJC_ISA_USAGE = YES_ERROR;
				CLANG_WARN_DOCUMENTATION_COMMENTS = YES;
				CLANG_WARN_EMPTY_BODY = YES;
				CLANG_WARN_ENUM_CONVERSION = YES;
				CLANG_WARN_INFINITE_RECURSION = YES;
				CLANG_WARN_INT_CONVERSION = YES;
				CLANG_WARN_NON_LITERAL_NULL_CONVERSION = YES;
				CLANG_WARN_OBJC_IMPLICIT_RETAIN_SELF = YES;
				CLANG_WARN_OBJC_LITERAL_CONVERSION = YES;
				CLANG_WARN_OBJC_ROOT_CLASS = YES_ERROR;
				CLANG_WARN_QUOTED_INCLUDE_IN_FRAMEWORK_HEADER = YES;
				CLANG_WARN_RANGE_LOOP_ANALYSIS = YES;
				CLANG_WARN_STRICT_PROTOTYPES = YES;
				CLANG_WARN_SUSPICIOUS_MOVE = YES;
				CLANG_WARN_UNGUARDED_AVAILABILITY = YES_AGGRESSIVE;
				CLANG_WARN_UNREACHABLE_CODE = YES;
				CLANG_WARN__DUPLICATE_METHOD_MATCH = YES;
				COPY_PHASE_STRIP = NO;
				DEBUG_INFORMATION_FORMAT = "dwarf-with-dsym";
				ENABLE_NS_ASSERTIONS = NO;
				ENABLE_STRICT_OBJC_MSGSEND = YES;
				GCC_C_LANGUAGE_STANDARD = gnu11;
				GCC_NO_COMMON_BLOCKS = YES;
				GCC_WARN_64_TO_32_BIT_CONVERSION = YES;
				GCC_WARN_ABOUT_RETURN_TYPE = YES_ERROR;
				GCC_WARN_UNDECLARED_SELECTOR = YES;
				GCC_WARN_UNINITIALIZED_AUTOS = YES_AGGRESSIVE;
				GCC_WARN_UNUSED_FUNCTION = YES;
				GCC_WARN_UNUSED_VARIABLE = YES;
				IPHONEOS_DEPLOYMENT_TARGET = 15.0;
				MTL_ENABLE_DEBUG_INFO = NO;
				MTL_FAST_MATH = YES;
				SDKROOT = iphoneos;
				SWIFT_COMPILATION_MODE = wholemodule;
				SWIFT_OPTIMIZATION_LEVEL = "-O";
				VALIDATE_PRODUCT = YES;
			};
			name = Release;
		};
		18AC7E54277C930800222026 /* Debug */ = {
			isa = XCBuildConfiguration;
			buildSettings = {
				ASSETCATALOG_COMPILER_APPICON_NAME = AppIcon;
				ASSETCATALOG_COMPILER_GLOBAL_ACCENT_COLOR_NAME = AccentColor;
				CODE_SIGN_STYLE = Automatic;
				CURRENT_PROJECT_VERSION = 1;
				DEVELOPMENT_TEAM = K9A4ZL65HH;
				GENERATE_INFOPLIST_FILE = YES;
				INFOPLIST_FILE = ContactApp/SupportingFiles/Info.plist;
				INFOPLIST_KEY_UIApplicationSupportsIndirectInputEvents = YES;
				INFOPLIST_KEY_UILaunchStoryboardName = LaunchScreen;
				INFOPLIST_KEY_UIMainStoryboardFile = Main;
				INFOPLIST_KEY_UISupportedInterfaceOrientations_iPad = "UIInterfaceOrientationPortrait UIInterfaceOrientationPortraitUpsideDown UIInterfaceOrientationLandscapeLeft UIInterfaceOrientationLandscapeRight";
				INFOPLIST_KEY_UISupportedInterfaceOrientations_iPhone = "UIInterfaceOrientationPortrait UIInterfaceOrientationLandscapeLeft UIInterfaceOrientationLandscapeRight";
				LD_RUNPATH_SEARCH_PATHS = (
					"$(inherited)",
					"@executable_path/Frameworks",
				);
				MARKETING_VERSION = 1.0;
				PRODUCT_BUNDLE_IDENTIFIER = "Ovechkina-Diana.ContactApp";
				PRODUCT_NAME = "$(TARGET_NAME)";
				SWIFT_EMIT_LOC_STRINGS = YES;
				SWIFT_VERSION = 5.0;
				TARGETED_DEVICE_FAMILY = "1,2";
			};
			name = Debug;
		};
		18AC7E55277C930800222026 /* Release */ = {
			isa = XCBuildConfiguration;
			buildSettings = {
				ASSETCATALOG_COMPILER_APPICON_NAME = AppIcon;
				ASSETCATALOG_COMPILER_GLOBAL_ACCENT_COLOR_NAME = AccentColor;
				CODE_SIGN_STYLE = Automatic;
				CURRENT_PROJECT_VERSION = 1;
				DEVELOPMENT_TEAM = K9A4ZL65HH;
				GENERATE_INFOPLIST_FILE = YES;
				INFOPLIST_FILE = ContactApp/SupportingFiles/Info.plist;
				INFOPLIST_KEY_UIApplicationSupportsIndirectInputEvents = YES;
				INFOPLIST_KEY_UILaunchStoryboardName = LaunchScreen;
				INFOPLIST_KEY_UIMainStoryboardFile = Main;
				INFOPLIST_KEY_UISupportedInterfaceOrientations_iPad = "UIInterfaceOrientationPortrait UIInterfaceOrientationPortraitUpsideDown UIInterfaceOrientationLandscapeLeft UIInterfaceOrientationLandscapeRight";
				INFOPLIST_KEY_UISupportedInterfaceOrientations_iPhone = "UIInterfaceOrientationPortrait UIInterfaceOrientationLandscapeLeft UIInterfaceOrientationLandscapeRight";
				LD_RUNPATH_SEARCH_PATHS = (
					"$(inherited)",
					"@executable_path/Frameworks",
				);
				MARKETING_VERSION = 1.0;
				PRODUCT_BUNDLE_IDENTIFIER = "Ovechkina-Diana.ContactApp";
				PRODUCT_NAME = "$(TARGET_NAME)";
				SWIFT_EMIT_LOC_STRINGS = YES;
				SWIFT_VERSION = 5.0;
				TARGETED_DEVICE_FAMILY = "1,2";
			};
			name = Release;
		};
/* End XCBuildConfiguration section */

/* Begin XCConfigurationList section */
		18AC7E3A277C930300222026 /* Build configuration list for PBXProject "ContactApp" */ = {
			isa = XCConfigurationList;
			buildConfigurations = (
				18AC7E51277C930800222026 /* Debug */,
				18AC7E52277C930800222026 /* Release */,
			);
			defaultConfigurationIsVisible = 0;
			defaultConfigurationName = Release;
		};
		18AC7E53277C930800222026 /* Build configuration list for PBXNativeTarget "ContactApp" */ = {
			isa = XCConfigurationList;
			buildConfigurations = (
				18AC7E54277C930800222026 /* Debug */,
				18AC7E55277C930800222026 /* Release */,
			);
			defaultConfigurationIsVisible = 0;
			defaultConfigurationName = Release;
		};
/* End XCConfigurationList section */
	};
	rootObject = 18AC7E37277C930300222026 /* Project object */;
}
